Microsoft Visual Studio Solution File, Format Version 1.00
Project("{66355F20-A65B-11D0-BFB5-00A0C91EBFA0}") = "javaSample_2", "javaSample_2.vjp", "{28CFB40C-0924-46F0-B38F-1E9D8111C870}"
EndProject
Global
	GlobalSection(LocalDeployment) = postSolution
		StartupProject = {28CFB40C-0924-46F0-B38F-1E9D8111C870}
	EndGlobalSection
	GlobalSection(BuildOrder) = postSolution
		0 = {28CFB40C-0924-46F0-B38F-1E9D8111C870}
	EndGlobalSection
	GlobalSection(DeploymentRoot) = postSolution
	EndGlobalSection
EndGlobal
